
Microsoft Visual Studio Solution File, Format Version 11.00
# Visual Studio 2010
Project("{FAE04EC0-301F-11D3-BF4B-00C04F79EFBC}") = "UnityEngine.TestRunner", "UnityEngine.TestRunner.csproj", "{31f018b5-7659-df52-0a12-9f9f185cb116}"
EndProject
Project("{FAE04EC0-301F-11D3-BF4B-00C04F79EFBC}") = "Unity.Mathematics", "Unity.Mathematics.csproj", "{67fc9ab1-0000-5d6c-94f4-2b687a2f3a30}"
EndProject
Project("{FAE04EC0-301F-11D3-BF4B-00C04F79EFBC}") = "Unity.2D.Animation.Triangle.Runtime", "Unity.2D.Animation.Triangle.Runtime.csproj", "{a6361b52-c44d-efc6-b9e3-571fa85a1306}"
EndProject
Project("{FAE04EC0-301F-11D3-BF4B-00C04F79EFBC}") = "Unity.Timeline", "Unity.Timeline.csproj", "{526fc033-5efc-e439-6c83-9a52c1b9f08d}"
EndProject
Project("{FAE04EC0-301F-11D3-BF4B-00C04F79EFBC}") = "UnityEngine.UI", "UnityEngine.UI.csproj", "{b5fd21b0-d7fc-2e70-ee0c-aab3cbadd31a}"
EndProject
Project("{FAE04EC0-301F-11D3-BF4B-00C04F79EFBC}") = "Unity.TextMeshPro", "Unity.TextMeshPro.csproj", "{dd216a12-4cc3-5feb-850c-fd747e6ff5fc}"
EndProject
Project("{FAE04EC0-301F-11D3-BF4B-00C04F79EFBC}") = "Unity.2D.Animation.Runtime", "Unity.2D.Animation.Runtime.csproj", "{323b68eb-8649-5d86-9f21-15d0ca2d3d78}"
EndProject
Project("{FAE04EC0-301F-11D3-BF4B-00C04F79EFBC}") = "Unity.2D.IK.Runtime", "Unity.2D.IK.Runtime.csproj", "{69adbf65-cf77-91ef-5f87-2e915fc525de}"
EndProject
Project("{FAE04EC0-301F-11D3-BF4B-00C04F79EFBC}") = "Unity.2D.SpriteShape.Runtime", "Unity.2D.SpriteShape.Runtime.csproj", "{6ce2fabe-6e9f-460e-19a0-a0261ab4d7c9}"
EndProject
Project("{FAE04EC0-301F-11D3-BF4B-00C04F79EFBC}") = "Unity.2D.PixelPerfect", "Unity.2D.PixelPerfect.csproj", "{e2301df5-428c-b80b-a83f-0f507b234dc5}"
EndProject
Project("{FAE04EC0-301F-11D3-BF4B-00C04F79EFBC}") = "Unity.2D.Common.Runtime", "Unity.2D.Common.Runtime.csproj", "{7638d2b6-5723-e955-99b5-44e8ca16d338}"
EndProject
Project("{FAE04EC0-301F-11D3-BF4B-00C04F79EFBC}") = "Unity.InternalAPIEngineBridge.001", "Unity.InternalAPIEngineBridge.001.csproj", "{1394c707-32ec-2e35-b11e-58e7b73a9d34}"
EndProject
Project("{FAE04EC0-301F-11D3-BF4B-00C04F79EFBC}") = "Assembly-CSharp", "Assembly-CSharp.csproj", "{52b74103-e6ca-0722-5fcd-dbbf9df9e2c5}"
EndProject
Project("{FAE04EC0-301F-11D3-BF4B-00C04F79EFBC}") = "UnityEditor.TestRunner", "UnityEditor.TestRunner.csproj", "{dd5e6f47-39a8-e0e7-fbcb-0e57c6f78039}"
EndProject
Project("{FAE04EC0-301F-11D3-BF4B-00C04F79EFBC}") = "UnityEditor.UI", "UnityEditor.UI.csproj", "{1f94aa7a-a9dd-1ce8-c530-6340ea577dd5}"
EndProject
Project("{FAE04EC0-301F-11D3-BF4B-00C04F79EFBC}") = "Unity.Timeline.Editor", "Unity.Timeline.Editor.csproj", "{b2481753-816f-9387-d960-f7abfee112eb}"
EndProject
Project("{FAE04EC0-301F-11D3-BF4B-00C04F79EFBC}") = "Unity.VisualStudio.Editor", "Unity.VisualStudio.Editor.csproj", "{aea9b46a-2366-fae9-bffe-ed6c1f7cf89c}"
EndProject
Project("{FAE04EC0-301F-11D3-BF4B-00C04F79EFBC}") = "Unity.2D.Psdimporter.Editor", "Unity.2D.Psdimporter.Editor.csproj", "{f8539a3b-9560-dcc8-d809-403d051aeebe}"
EndProject
Project("{FAE04EC0-301F-11D3-BF4B-00C04F79EFBC}") = "Unity.2D.Animation.Editor", "Unity.2D.Animation.Editor.csproj", "{7604a431-19a3-ecf5-2cdf-b28cfbb90bfe}"
EndProject
Project("{FAE04EC0-301F-11D3-BF4B-00C04F79EFBC}") = "Unity.TextMeshPro.Editor", "Unity.TextMeshPro.Editor.csproj", "{24dd7960-1ade-1df2-8f09-089a29abe021}"
EndProject
Project("{FAE04EC0-301F-11D3-BF4B-00C04F79EFBC}") = "Unity.2D.SpriteShape.Editor", "Unity.2D.SpriteShape.Editor.csproj", "{1851af2e-cf13-308d-ff1f-150bc634bdbd}"
EndProject
Project("{FAE04EC0-301F-11D3-BF4B-00C04F79EFBC}") = "Unity.CollabProxy.Editor", "Unity.CollabProxy.Editor.csproj", "{0510bc4b-8a7e-25cf-e5bb-8db5359b4ac7}"
EndProject
Project("{FAE04EC0-301F-11D3-BF4B-00C04F79EFBC}") = "PsdPlugin", "PsdPlugin.csproj", "{b9a0f12e-6524-572d-9fac-71bff4a3c0ed}"
EndProject
Project("{FAE04EC0-301F-11D3-BF4B-00C04F79EFBC}") = "Unity.2D.Path.Editor", "Unity.2D.Path.Editor.csproj", "{c9d66ff5-6b75-0fed-ef84-3b360eb3e96b}"
EndProject
Project("{FAE04EC0-301F-11D3-BF4B-00C04F79EFBC}") = "Unity.Rider.Editor", "Unity.Rider.Editor.csproj", "{10d49316-957c-c7f7-e783-8ade2b2e734f}"
EndProject
Project("{FAE04EC0-301F-11D3-BF4B-00C04F79EFBC}") = "Unity.2D.IK.Editor", "Unity.2D.IK.Editor.csproj", "{7401606b-68c1-ff52-8138-d16416679a69}"
EndProject
Project("{FAE04EC0-301F-11D3-BF4B-00C04F79EFBC}") = "Unity.2D.Sprite.Editor", "Unity.2D.Sprite.Editor.csproj", "{4a20cdbc-1da6-d8d0-895b-489aa987392b}"
EndProject
Project("{FAE04EC0-301F-11D3-BF4B-00C04F79EFBC}") = "Unity.2D.Tilemap.Editor", "Unity.2D.Tilemap.Editor.csproj", "{2797104f-5458-c4c2-6ad4-01401184d2c0}"
EndProject
Project("{FAE04EC0-301F-11D3-BF4B-00C04F79EFBC}") = "Unity.2D.PixelPerfect.Editor", "Unity.2D.PixelPerfect.Editor.csproj", "{e6996932-b594-753c-da5e-1f823833a122}"
EndProject
Project("{FAE04EC0-301F-11D3-BF4B-00C04F79EFBC}") = "Unity.VSCode.Editor", "Unity.VSCode.Editor.csproj", "{7682d7ff-2330-3a52-e9a5-7cc63a7d4391}"
EndProject
Project("{FAE04EC0-301F-11D3-BF4B-00C04F79EFBC}") = "Unity.2D.Common.Editor", "Unity.2D.Common.Editor.csproj", "{ccebfd61-c8ce-d307-383e-b98e7f8a3f88}"
EndProject
Project("{FAE04EC0-301F-11D3-BF4B-00C04F79EFBC}") = "Unity.Mathematics.Editor", "Unity.Mathematics.Editor.csproj", "{3cbeeb56-c5a3-c643-0b2a-6d16a6f33f1f}"
EndProject
Project("{FAE04EC0-301F-11D3-BF4B-00C04F79EFBC}") = "Unity.InternalAPIEditorBridge.001", "Unity.InternalAPIEditorBridge.001.csproj", "{64cd5a12-bd0c-3a6b-e292-4e08e30bb39a}"
EndProject
Global
	GlobalSection(SolutionConfigurationPlatforms) = preSolution
		Debug|Any CPU = Debug|Any CPU
	EndGlobalSection
	GlobalSection(ProjectConfigurationPlatforms) = postSolution
		{31f018b5-7659-df52-0a12-9f9f185cb116}.Debug|Any CPU.ActiveCfg = Debug|Any CPU
		{31f018b5-7659-df52-0a12-9f9f185cb116}.Debug|Any CPU.Build.0 = Debug|Any CPU
		{67fc9ab1-0000-5d6c-94f4-2b687a2f3a30}.Debug|Any CPU.ActiveCfg = Debug|Any CPU
		{67fc9ab1-0000-5d6c-94f4-2b687a2f3a30}.Debug|Any CPU.Build.0 = Debug|Any CPU
		{a6361b52-c44d-efc6-b9e3-571fa85a1306}.Debug|Any CPU.ActiveCfg = Debug|Any CPU
		{a6361b52-c44d-efc6-b9e3-571fa85a1306}.Debug|Any CPU.Build.0 = Debug|Any CPU
		{526fc033-5efc-e439-6c83-9a52c1b9f08d}.Debug|Any CPU.ActiveCfg = Debug|Any CPU
		{526fc033-5efc-e439-6c83-9a52c1b9f08d}.Debug|Any CPU.Build.0 = Debug|Any CPU
		{b5fd21b0-d7fc-2e70-ee0c-aab3cbadd31a}.Debug|Any CPU.ActiveCfg = Debug|Any CPU
		{b5fd21b0-d7fc-2e70-ee0c-aab3cbadd31a}.Debug|Any CPU.Build.0 = Debug|Any CPU
		{dd216a12-4cc3-5feb-850c-fd747e6ff5fc}.Debug|Any CPU.ActiveCfg = Debug|Any CPU
		{dd216a12-4cc3-5feb-850c-fd747e6ff5fc}.Debug|Any CPU.Build.0 = Debug|Any CPU
		{323b68eb-8649-5d86-9f21-15d0ca2d3d78}.Debug|Any CPU.ActiveCfg = Debug|Any CPU
		{323b68eb-8649-5d86-9f21-15d0ca2d3d78}.Debug|Any CPU.Build.0 = Debug|Any CPU
		{69adbf65-cf77-91ef-5f87-2e915fc525de}.Debug|Any CPU.ActiveCfg = Debug|Any CPU
		{69adbf65-cf77-91ef-5f87-2e915fc525de}.Debug|Any CPU.Build.0 = Debug|Any CPU
		{6ce2fabe-6e9f-460e-19a0-a0261ab4d7c9}.Debug|Any CPU.ActiveCfg = Debug|Any CPU
		{6ce2fabe-6e9f-460e-19a0-a0261ab4d7c9}.Debug|Any CPU.Build.0 = Debug|Any CPU
		{e2301df5-428c-b80b-a83f-0f507b234dc5}.Debug|Any CPU.ActiveCfg = Debug|Any CPU
		{e2301df5-428c-b80b-a83f-0f507b234dc5}.Debug|Any CPU.Build.0 = Debug|Any CPU
		{7638d2b6-5723-e955-99b5-44e8ca16d338}.Debug|Any CPU.ActiveCfg = Debug|Any CPU
		{7638d2b6-5723-e955-99b5-44e8ca16d338}.Debug|Any CPU.Build.0 = Debug|Any CPU
		{1394c707-32ec-2e35-b11e-58e7b73a9d34}.Debug|Any CPU.ActiveCfg = Debug|Any CPU
		{1394c707-32ec-2e35-b11e-58e7b73a9d34}.Debug|Any CPU.Build.0 = Debug|Any CPU
		{52b74103-e6ca-0722-5fcd-dbbf9df9e2c5}.Debug|Any CPU.ActiveCfg = Debug|Any CPU
		{52b74103-e6ca-0722-5fcd-dbbf9df9e2c5}.Debug|Any CPU.Build.0 = Debug|Any CPU
		{dd5e6f47-39a8-e0e7-fbcb-0e57c6f78039}.Debug|Any CPU.ActiveCfg = Debug|Any CPU
		{dd5e6f47-39a8-e0e7-fbcb-0e57c6f78039}.Debug|Any CPU.Build.0 = Debug|Any CPU
		{1f94aa7a-a9dd-1ce8-c530-6340ea577dd5}.Debug|Any CPU.ActiveCfg = Debug|Any CPU
		{1f94aa7a-a9dd-1ce8-c530-6340ea577dd5}.Debug|Any CPU.Build.0 = Debug|Any CPU
		{b2481753-816f-9387-d960-f7abfee112eb}.Debug|Any CPU.ActiveCfg = Debug|Any CPU
		{b2481753-816f-9387-d960-f7abfee112eb}.Debug|Any CPU.Build.0 = Debug|Any CPU
		{aea9b46a-2366-fae9-bffe-ed6c1f7cf89c}.Debug|Any CPU.ActiveCfg = Debug|Any CPU
		{aea9b46a-2366-fae9-bffe-ed6c1f7cf89c}.Debug|Any CPU.Build.0 = Debug|Any CPU
		{f8539a3b-9560-dcc8-d809-403d051aeebe}.Debug|Any CPU.ActiveCfg = Debug|Any CPU
		{f8539a3b-9560-dcc8-d809-403d051aeebe}.Debug|Any CPU.Build.0 = Debug|Any CPU
		{7604a431-19a3-ecf5-2cdf-b28cfbb90bfe}.Debug|Any CPU.ActiveCfg = Debug|Any CPU
		{7604a431-19a3-ecf5-2cdf-b28cfbb90bfe}.Debug|Any CPU.Build.0 = Debug|Any CPU
		{24dd7960-1ade-1df2-8f09-089a29abe021}.Debug|Any CPU.ActiveCfg = Debug|Any CPU
		{24dd7960-1ade-1df2-8f09-089a29abe021}.Debug|Any CPU.Build.0 = Debug|Any CPU
		{1851af2e-cf13-308d-ff1f-150bc634bdbd}.Debug|Any CPU.ActiveCfg = Debug|Any CPU
		{1851af2e-cf13-308d-ff1f-150bc634bdbd}.Debug|Any CPU.Build.0 = Debug|Any CPU
		{0510bc4b-8a7e-25cf-e5bb-8db5359b4ac7}.Debug|Any CPU.ActiveCfg = Debug|Any CPU
		{0510bc4b-8a7e-25cf-e5bb-8db5359b4ac7}.Debug|Any CPU.Build.0 = Debug|Any CPU
		{b9a0f12e-6524-572d-9fac-71bff4a3c0ed}.Debug|Any CPU.ActiveCfg = Debug|Any CPU
		{b9a0f12e-6524-572d-9fac-71bff4a3c0ed}.Debug|Any CPU.Build.0 = Debug|Any CPU
		{c9d66ff5-6b75-0fed-ef84-3b360eb3e96b}.Debug|Any CPU.ActiveCfg = Debug|Any CPU
		{c9d66ff5-6b75-0fed-ef84-3b360eb3e96b}.Debug|Any CPU.Build.0 = Debug|Any CPU
		{10d49316-957c-c7f7-e783-8ade2b2e734f}.Debug|Any CPU.ActiveCfg = Debug|Any CPU
		{10d49316-957c-c7f7-e783-8ade2b2e734f}.Debug|Any CPU.Build.0 = Debug|Any CPU
		{7401606b-68c1-ff52-8138-d16416679a69}.Debug|Any CPU.ActiveCfg = Debug|Any CPU
		{7401606b-68c1-ff52-8138-d16416679a69}.Debug|Any CPU.Build.0 = Debug|Any CPU
		{4a20cdbc-1da6-d8d0-895b-489aa987392b}.Debug|Any CPU.ActiveCfg = Debug|Any CPU
		{4a20cdbc-1da6-d8d0-895b-489aa987392b}.Debug|Any CPU.Build.0 = Debug|Any CPU
		{2797104f-5458-c4c2-6ad4-01401184d2c0}.Debug|Any CPU.ActiveCfg = Debug|Any CPU
		{2797104f-5458-c4c2-6ad4-01401184d2c0}.Debug|Any CPU.Build.0 = Debug|Any CPU
		{e6996932-b594-753c-da5e-1f823833a122}.Debug|Any CPU.ActiveCfg = Debug|Any CPU
		{e6996932-b594-753c-da5e-1f823833a122}.Debug|Any CPU.Build.0 = Debug|Any CPU
		{7682d7ff-2330-3a52-e9a5-7cc63a7d4391}.Debug|Any CPU.ActiveCfg = Debug|Any CPU
		{7682d7ff-2330-3a52-e9a5-7cc63a7d4391}.Debug|Any CPU.Build.0 = Debug|Any CPU
		{ccebfd61-c8ce-d307-383e-b98e7f8a3f88}.Debug|Any CPU.ActiveCfg = Debug|Any CPU
		{ccebfd61-c8ce-d307-383e-b98e7f8a3f88}.Debug|Any CPU.Build.0 = Debug|Any CPU
		{3cbeeb56-c5a3-c643-0b2a-6d16a6f33f1f}.Debug|Any CPU.ActiveCfg = Debug|Any CPU
		{3cbeeb56-c5a3-c643-0b2a-6d16a6f33f1f}.Debug|Any CPU.Build.0 = Debug|Any CPU
		{64cd5a12-bd0c-3a6b-e292-4e08e30bb39a}.Debug|Any CPU.ActiveCfg = Debug|Any CPU
		{64cd5a12-bd0c-3a6b-e292-4e08e30bb39a}.Debug|Any CPU.Build.0 = Debug|Any CPU
	EndGlobalSection
	GlobalSection(SolutionProperties) = preSolution
		HideSolutionNode = FALSE
	EndGlobalSection
EndGlobal
